
Microsoft Visual Studio Solution File, Format Version 12.00
# Visual Studio Version 17
VisualStudioVersion = 17.9.34714.143
MinimumVisualStudioVersion = 10.0.40219.1
Project("{FAE04EC0-301F-11D3-BF4B-00C04F79EFBC}") = "ConsoleApp2", "ConsoleApp2\ConsoleApp2.csproj", "{DAB687EA-1167-4B2A-A3E0-3D808EA7F09A}"
EndProject
Global
	GlobalSection(SolutionConfigurationPlatforms) = preSolution
		Debug|Any CPU = Debug|Any CPU
		Release|Any CPU = Release|Any CPU
	EndGlobalSection
	GlobalSection(ProjectConfigurationPlatforms) = postSolution
		{DAB687EA-1167-4B2A-A3E0-3D808EA7F09A}.Debug|Any CPU.ActiveCfg = Debug|Any CPU
		{DAB687EA-1167-4B2A-A3E0-3D808EA7F09A}.Debug|Any CPU.Build.0 = Debug|Any CPU
		{DAB687EA-1167-4B2A-A3E0-3D808EA7F09A}.Release|Any CPU.ActiveCfg = Release|Any CPU
		{DAB687EA-1167-4B2A-A3E0-3D808EA7F09A}.Release|Any CPU.Build.0 = Release|Any CPU
	EndGlobalSection
	GlobalSection(SolutionProperties) = preSolution
		HideSolutionNode = FALSE
	EndGlobalSection
	GlobalSection(ExtensibilityGlobals) = postSolution
		SolutionGuid = {2E4DBF58-131F-4935-A157-A2BC40D95A33}
	EndGlobalSection
EndGlobal
